
Microsoft Visual Studio Solution File, Format Version 12.00
# Visual Studio 14
VisualStudioVersion = 14.0.25420.1
MinimumVisualStudioVersion = 10.0.40219.1
Project("{FAE04EC0-301F-11D3-BF4B-00C04F79EFBC}") = "ClassLibrary1", "ClassLibrary1\ClassLibrary1.csproj", "{37992A3B-F67C-440F-BBCF-4994D3C13B3E}"
EndProject
Project("{FAE04EC0-301F-11D3-BF4B-00C04F79EFBC}") = "Game1", "Game1\Game1.csproj", "{038057E3-1295-4A04-A3E8-B9DB143E1F63}"
EndProject
Global
	GlobalSection(SolutionConfigurationPlatforms) = preSolution
		Debug|Any CPU = Debug|Any CPU
		Debug|x86 = Debug|x86
		Release|Any CPU = Release|Any CPU
		Release|x86 = Release|x86
	EndGlobalSection
	GlobalSection(ProjectConfigurationPlatforms) = postSolution
		{37992A3B-F67C-440F-BBCF-4994D3C13B3E}.Debug|Any CPU.ActiveCfg = Debug|Any CPU
		{37992A3B-F67C-440F-BBCF-4994D3C13B3E}.Debug|Any CPU.Build.0 = Debug|Any CPU
		{37992A3B-F67C-440F-BBCF-4994D3C13B3E}.Debug|x86.ActiveCfg = Debug|Any CPU
		{37992A3B-F67C-440F-BBCF-4994D3C13B3E}.Debug|x86.Build.0 = Debug|Any CPU
		{37992A3B-F67C-440F-BBCF-4994D3C13B3E}.Release|Any CPU.ActiveCfg = Release|Any CPU
		{37992A3B-F67C-440F-BBCF-4994D3C13B3E}.Release|Any CPU.Build.0 = Release|Any CPU
		{37992A3B-F67C-440F-BBCF-4994D3C13B3E}.Release|x86.ActiveCfg = Release|Any CPU
		{37992A3B-F67C-440F-BBCF-4994D3C13B3E}.Release|x86.Build.0 = Release|Any CPU
		{038057E3-1295-4A04-A3E8-B9DB143E1F63}.Debug|Any CPU.ActiveCfg = Debug|x86
		{038057E3-1295-4A04-A3E8-B9DB143E1F63}.Debug|Any CPU.Build.0 = Debug|x86
		{038057E3-1295-4A04-A3E8-B9DB143E1F63}.Debug|x86.ActiveCfg = Debug|x86
		{038057E3-1295-4A04-A3E8-B9DB143E1F63}.Debug|x86.Build.0 = Debug|x86
		{038057E3-1295-4A04-A3E8-B9DB143E1F63}.Release|Any CPU.ActiveCfg = Release|x86
		{038057E3-1295-4A04-A3E8-B9DB143E1F63}.Release|x86.ActiveCfg = Release|x86
		{038057E3-1295-4A04-A3E8-B9DB143E1F63}.Release|x86.Build.0 = Release|x86
	EndGlobalSection
	GlobalSection(SolutionProperties) = preSolution
		HideSolutionNode = FALSE
	EndGlobalSection
EndGlobal
